// !$*UTF8*$!
{
	archiveVersion = 1;
	classes = {
	};
	objectVersion = 46;
	objects = {

/* Begin PBXBuildFile section */
		0406338F192B6798003BF9F6 /* EventViewController.m in Sources */ = {isa = PBXBuildFile; fileRef = 0406338E192B6798003BF9F6 /* EventViewController.m */; };
		04063393192B90DB003BF9F6 /* ProjectMobile.xcdatamodeld in Sources */ = {isa = PBXBuildFile; fileRef = 04063391192B90DB003BF9F6 /* ProjectMobile.xcdatamodeld */; };
		0406339C192B9B33003BF9F6 /* Stap.m in Sources */ = {isa = PBXBuildFile; fileRef = 0406339B192B9B33003BF9F6 /* Stap.m */; };
		0406339F192B9B34003BF9F6 /* Stappenplan.m in Sources */ = {isa = PBXBuildFile; fileRef = 0406339E192B9B34003BF9F6 /* Stappenplan.m */; };
		040633A2192B9BFF003BF9F6 /* StappenPlanViewController.m in Sources */ = {isa = PBXBuildFile; fileRef = 040633A1192B9BFF003BF9F6 /* StappenPlanViewController.m */; };
		040633A7192BDDC5003BF9F6 /* MemoryMenuViewController.m in Sources */ = {isa = PBXBuildFile; fileRef = 040633A6192BDDC5003BF9F6 /* MemoryMenuViewController.m */; };
		040633EB192C8EE2003BF9F6 /* StapTableViewCell.m in Sources */ = {isa = PBXBuildFile; fileRef = 040633EA192C8EE2003BF9F6 /* StapTableViewCell.m */; };
		040633EE192CDE2D003BF9F6 /* StappenplanDetailViewController.m in Sources */ = {isa = PBXBuildFile; fileRef = 040633ED192CDE2D003BF9F6 /* StappenplanDetailViewController.m */; };
		040633F1192D370D003BF9F6 /* EditStapTableViewCell.m in Sources */ = {isa = PBXBuildFile; fileRef = 040633F0192D370D003BF9F6 /* EditStapTableViewCell.m */; };
		040633F4192D371F003BF9F6 /* AddStapTableViewCell.m in Sources */ = {isa = PBXBuildFile; fileRef = 040633F3192D371F003BF9F6 /* AddStapTableViewCell.m */; };
		040633F7192D6DA8003BF9F6 /* EditStapViewController.m in Sources */ = {isa = PBXBuildFile; fileRef = 040633F6192D6DA8003BF9F6 /* EditStapViewController.m */; };
		04520A1F192A6C670068993A /* HomeViewController.m in Sources */ = {isa = PBXBuildFile; fileRef = 04520A1E192A6C670068993A /* HomeViewController.m */; };
		04E96B1D192A0FE200EEDFCF /* Foundation.framework in Frameworks */ = {isa = PBXBuildFile; fileRef = 04E96B1C192A0FE200EEDFCF /* Foundation.framework */; };
		04E96B1F192A0FE200EEDFCF /* CoreGraphics.framework in Frameworks */ = {isa = PBXBuildFile; fileRef = 04E96B1E192A0FE200EEDFCF /* CoreGraphics.framework */; };
		04E96B21192A0FE200EEDFCF /* UIKit.framework in Frameworks */ = {isa = PBXBuildFile; fileRef = 04E96B20192A0FE200EEDFCF /* UIKit.framework */; };
		04E96B23192A0FE200EEDFCF /* CoreData.framework in Frameworks */ = {isa = PBXBuildFile; fileRef = 04E96B22192A0FE200EEDFCF /* CoreData.framework */; };
		04E96B29192A0FE200EEDFCF /* InfoPlist.strings in Resources */ = {isa = PBXBuildFile; fileRef = 04E96B27192A0FE200EEDFCF /* InfoPlist.strings */; };
		04E96B2B192A0FE200EEDFCF /* main.m in Sources */ = {isa = PBXBuildFile; fileRef = 04E96B2A192A0FE200EEDFCF /* main.m */; };
		04E96B2F192A0FE200EEDFCF /* AppDelegate.m in Sources */ = {isa = PBXBuildFile; fileRef = 04E96B2E192A0FE200EEDFCF /* AppDelegate.m */; };
		04E96B34192A0FE200EEDFCF /* Images.xcassets in Resources */ = {isa = PBXBuildFile; fileRef = 04E96B33192A0FE200EEDFCF /* Images.xcassets */; };
		04E96B3B192A0FE200EEDFCF /* XCTest.framework in Frameworks */ = {isa = PBXBuildFile; fileRef = 04E96B3A192A0FE200EEDFCF /* XCTest.framework */; };
		04E96B3C192A0FE200EEDFCF /* Foundation.framework in Frameworks */ = {isa = PBXBuildFile; fileRef = 04E96B1C192A0FE200EEDFCF /* Foundation.framework */; };
		04E96B3D192A0FE200EEDFCF /* UIKit.framework in Frameworks */ = {isa = PBXBuildFile; fileRef = 04E96B20192A0FE200EEDFCF /* UIKit.framework */; };
		04E96B3E192A0FE200EEDFCF /* CoreData.framework in Frameworks */ = {isa = PBXBuildFile; fileRef = 04E96B22192A0FE200EEDFCF /* CoreData.framework */; };
		04E96B46192A0FE200EEDFCF /* InfoPlist.strings in Resources */ = {isa = PBXBuildFile; fileRef = 04E96B44192A0FE200EEDFCF /* InfoPlist.strings */; };
		04E96B48192A0FE200EEDFCF /* ProjectMobileTests.m in Sources */ = {isa = PBXBuildFile; fileRef = 04E96B47192A0FE200EEDFCF /* ProjectMobileTests.m */; };
		04E96B53192A109D00EEDFCF /* Storyboard.storyboard in Resources */ = {isa = PBXBuildFile; fileRef = 04E96B52192A109D00EEDFCF /* Storyboard.storyboard */; };
		04E96B59192A2CBF00EEDFCF /* TabBarView.xib in Resources */ = {isa = PBXBuildFile; fileRef = 04E96B58192A2CBF00EEDFCF /* TabBarView.xib */; };
		04E96B72192A3A0A00EEDFCF /* TabBarView.m in Sources */ = {isa = PBXBuildFile; fileRef = 04E96B71192A3A0A00EEDFCF /* TabBarView.m */; };
		04E96B75192A3AEE00EEDFCF /* TabBarController.m in Sources */ = {isa = PBXBuildFile; fileRef = 04E96B74192A3AEE00EEDFCF /* TabBarController.m */; };
		388B3F31192CDA05009FE4C9 /* HerinneringViewController.m in Sources */ = {isa = PBXBuildFile; fileRef = 388B3F30192CDA05009FE4C9 /* HerinneringViewController.m */; };
		388B3F34192CE1F0009FE4C9 /* HerinneringToevoegenViewController.m in Sources */ = {isa = PBXBuildFile; fileRef = 388B3F33192CE1F0009FE4C9 /* HerinneringToevoegenViewController.m */; };
		388B3F37192DEB3F009FE4C9 /* color1.jpg in Resources */ = {isa = PBXBuildFile; fileRef = 388B3F35192DEB3F009FE4C9 /* color1.jpg */; };
		388B3F38192DEB3F009FE4C9 /* color2.jpg in Resources */ = {isa = PBXBuildFile; fileRef = 388B3F36192DEB3F009FE4C9 /* color2.jpg */; };
		388B3F3A192DEF60009FE4C9 /* white.jpg in Resources */ = {isa = PBXBuildFile; fileRef = 388B3F39192DEF60009FE4C9 /* white.jpg */; };
		4C2380CC192BBA9D00A09211 /* Man.jpeg in Resources */ = {isa = PBXBuildFile; fileRef = 4C2380C9192BBA9D00A09211 /* Man.jpeg */; };
		4C2380CD192BBA9D00A09211 /* Doctor.jpeg in Resources */ = {isa = PBXBuildFile; fileRef = 4C2380CA192BBA9D00A09211 /* Doctor.jpeg */; };
		4C2380CE192BBA9D00A09211 /* Son.jpeg in Resources */ = {isa = PBXBuildFile; fileRef = 4C2380CB192BBA9D00A09211 /* Son.jpeg */; };
		4C3C3F40192B8B4F00A3650C /* PersoonCell.m in Sources */ = {isa = PBXBuildFile; fileRef = 4C3C3F3F192B8B4F00A3650C /* PersoonCell.m */; };
		4C8BD977192B886D003F00D9 /* PersonenViewController.m in Sources */ = {isa = PBXBuildFile; fileRef = 4C8BD976192B886D003F00D9 /* PersonenViewController.m */; };
		4CB2F61F192CC356007AE252 /* PersoonDetailViewController.m in Sources */ = {isa = PBXBuildFile; fileRef = 4CB2F61E192CC356007AE252 /* PersoonDetailViewController.m */; };
		665241D6192B48C700484AC1 /* LocationViewController.m in Sources */ = {isa = PBXBuildFile; fileRef = 665241D5192B48C700484AC1 /* LocationViewController.m */; };
		665241DC192B5E2500484AC1 /* CoreLocation.framework in Frameworks */ = {isa = PBXBuildFile; fileRef = 665241DB192B5E2500484AC1 /* CoreLocation.framework */; };
		665241DE192B5E2E00484AC1 /* MapKit.framework in Frameworks */ = {isa = PBXBuildFile; fileRef = 665241DD192B5E2E00484AC1 /* MapKit.framework */; };
		668202CE192B9CA600875220 /* LocationToevoegenControllerViewController.m in Sources */ = {isa = PBXBuildFile; fileRef = 668202CD192B9CA600875220 /* LocationToevoegenControllerViewController.m */; };
		668202F8192C992700875220 /* Toilet.m in Sources */ = {isa = PBXBuildFile; fileRef = 668202F7192C992700875220 /* Toilet.m */; };
		668202FD192CA84C00875220 /* ToiletLocaties.m in Sources */ = {isa = PBXBuildFile; fileRef = 668202FC192CA84C00875220 /* ToiletLocaties.m */; };
		6682031F192CCC8400875220 /* JSONModel+CoreData.m in Sources */ = {isa = PBXBuildFile; fileRef = 66820306192CCC8400875220 /* JSONModel+CoreData.m */; };
		66820320192CCC8400875220 /* JSONModel.m in Sources */ = {isa = PBXBuildFile; fileRef = 66820308192CCC8400875220 /* JSONModel.m */; };
		66820321192CCC8400875220 /* JSONModelArray.m in Sources */ = {isa = PBXBuildFile; fileRef = 6682030A192CCC8400875220 /* JSONModelArray.m */; };
		66820322192CCC8400875220 /* JSONModelClassProperty.m in Sources */ = {isa = PBXBuildFile; fileRef = 6682030C192CCC8400875220 /* JSONModelClassProperty.m */; };
		66820323192CCC8400875220 /* JSONModelError.m in Sources */ = {isa = PBXBuildFile; fileRef = 6682030E192CCC8400875220 /* JSONModelError.m */; };
		66820324192CCC8400875220 /* NSArray+JSONModel.m in Sources */ = {isa = PBXBuildFile; fileRef = 66820311192CCC8400875220 /* NSArray+JSONModel.m */; };
		66820325192CCC8400875220 /* JSONAPI.m in Sources */ = {isa = PBXBuildFile; fileRef = 66820315192CCC8400875220 /* JSONAPI.m */; };
		66820326192CCC8400875220 /* JSONHTTPClient.m in Sources */ = {isa = PBXBuildFile; fileRef = 66820317192CCC8400875220 /* JSONHTTPClient.m */; };
		66820327192CCC8400875220 /* JSONModel+networking.m in Sources */ = {isa = PBXBuildFile; fileRef = 66820319192CCC8400875220 /* JSONModel+networking.m */; };
		66820328192CCC8400875220 /* JSONKeyMapper.m in Sources */ = {isa = PBXBuildFile; fileRef = 6682031C192CCC8400875220 /* JSONKeyMapper.m */; };
		66820329192CCC8400875220 /* JSONValueTransformer.m in Sources */ = {isa = PBXBuildFile; fileRef = 6682031E192CCC8400875220 /* JSONValueTransformer.m */; };
		85507AF7192B77C200DD7D53 /* HulpViewController.m in Sources */ = {isa = PBXBuildFile; fileRef = 85507AF6192B77C200DD7D53 /* HulpViewController.m */; };
		858C4A31192CAD2F00E4CE53 /* AidTableViewCell.m in Sources */ = {isa = PBXBuildFile; fileRef = 858C4A30192CAD2F00E4CE53 /* AidTableViewCell.m */; };
		858C4A34192CB21C00E4CE53 /* Personen.m in Sources */ = {isa = PBXBuildFile; fileRef = 858C4A33192CB21C00E4CE53 /* Personen.m */; };
/* End PBXBuildFile section */

/* Begin PBXContainerItemProxy section */
		04E96B3F192A0FE200EEDFCF /* PBXContainerItemProxy */ = {
			isa = PBXContainerItemProxy;
			containerPortal = 04E96B11192A0FE200EEDFCF /* Project object */;
			proxyType = 1;
			remoteGlobalIDString = 04E96B18192A0FE200EEDFCF;
			remoteInfo = ProjectMobile;
		};
/* End PBXContainerItemProxy section */

/* Begin PBXFileReference section */
		0406338D192B6798003BF9F6 /* EventViewController.h */ = {isa = PBXFileReference; fileEncoding = 4; lastKnownFileType = sourcecode.c.h; path = EventViewController.h; sourceTree = "<group>"; };
		0406338E192B6798003BF9F6 /* EventViewController.m */ = {isa = PBXFileReference; fileEncoding = 4; lastKnownFileType = sourcecode.c.objc; path = EventViewController.m; sourceTree = "<group>"; };
		04063392192B90DB003BF9F6 /* ProjectMobile.xcdatamodel */ = {isa = PBXFileReference; lastKnownFileType = wrapper.xcdatamodel; path = ProjectMobile.xcdatamodel; sourceTree = "<group>"; };
		0406339A192B9B33003BF9F6 /* Stap.h */ = {isa = PBXFileReference; fileEncoding = 4; lastKnownFileType = sourcecode.c.h; path = Stap.h; sourceTree = "<group>"; };
		0406339B192B9B33003BF9F6 /* Stap.m */ = {isa = PBXFileReference; fileEncoding = 4; lastKnownFileType = sourcecode.c.objc; path = Stap.m; sourceTree = "<group>"; };
		0406339D192B9B34003BF9F6 /* Stappenplan.h */ = {isa = PBXFileReference; fileEncoding = 4; lastKnownFileType = sourcecode.c.h; path = Stappenplan.h; sourceTree = "<group>"; };
		0406339E192B9B34003BF9F6 /* Stappenplan.m */ = {isa = PBXFileReference; fileEncoding = 4; lastKnownFileType = sourcecode.c.objc; path = Stappenplan.m; sourceTree = "<group>"; };
		040633A0192B9BFF003BF9F6 /* StappenPlanViewController.h */ = {isa = PBXFileReference; fileEncoding = 4; lastKnownFileType = sourcecode.c.h; path = StappenPlanViewController.h; sourceTree = "<group>"; };
		040633A1192B9BFF003BF9F6 /* StappenPlanViewController.m */ = {isa = PBXFileReference; fileEncoding = 4; lastKnownFileType = sourcecode.c.objc; path = StappenPlanViewController.m; sourceTree = "<group>"; };
		040633A4192BDD41003BF9F6 /* IManagedContextObjectContainer.h */ = {isa = PBXFileReference; lastKnownFileType = sourcecode.c.h; path = IManagedContextObjectContainer.h; sourceTree = "<group>"; };
		040633A5192BDDC5003BF9F6 /* MemoryMenuViewController.h */ = {isa = PBXFileReference; fileEncoding = 4; lastKnownFileType = sourcecode.c.h; path = MemoryMenuViewController.h; sourceTree = "<group>"; };
		040633A6192BDDC5003BF9F6 /* MemoryMenuViewController.m */ = {isa = PBXFileReference; fileEncoding = 4; lastKnownFileType = sourcecode.c.objc; path = MemoryMenuViewController.m; sourceTree = "<group>"; };
		040633E9192C8EE2003BF9F6 /* StapTableViewCell.h */ = {isa = PBXFileReference; fileEncoding = 4; lastKnownFileType = sourcecode.c.h; path = StapTableViewCell.h; sourceTree = "<group>"; };
		040633EA192C8EE2003BF9F6 /* StapTableViewCell.m */ = {isa = PBXFileReference; fileEncoding = 4; lastKnownFileType = sourcecode.c.objc; path = StapTableViewCell.m; sourceTree = "<group>"; };
		040633EC192CDE2D003BF9F6 /* StappenplanDetailViewController.h */ = {isa = PBXFileReference; fileEncoding = 4; lastKnownFileType = sourcecode.c.h; path = StappenplanDetailViewController.h; sourceTree = "<group>"; };
		040633ED192CDE2D003BF9F6 /* StappenplanDetailViewController.m */ = {isa = PBXFileReference; fileEncoding = 4; lastKnownFileType = sourcecode.c.objc; path = StappenplanDetailViewController.m; sourceTree = "<group>"; };
		040633EF192D370D003BF9F6 /* EditStapTableViewCell.h */ = {isa = PBXFileReference; fileEncoding = 4; lastKnownFileType = sourcecode.c.h; path = EditStapTableViewCell.h; sourceTree = "<group>"; };
		040633F0192D370D003BF9F6 /* EditStapTableViewCell.m */ = {isa = PBXFileReference; fileEncoding = 4; lastKnownFileType = sourcecode.c.objc; path = EditStapTableViewCell.m; sourceTree = "<group>"; };
		040633F2192D371F003BF9F6 /* AddStapTableViewCell.h */ = {isa = PBXFileReference; fileEncoding = 4; lastKnownFileType = sourcecode.c.h; path = AddStapTableViewCell.h; sourceTree = "<group>"; };
		040633F3192D371F003BF9F6 /* AddStapTableViewCell.m */ = {isa = PBXFileReference; fileEncoding = 4; lastKnownFileType = sourcecode.c.objc; path = AddStapTableViewCell.m; sourceTree = "<group>"; };
		040633F5192D6DA8003BF9F6 /* EditStapViewController.h */ = {isa = PBXFileReference; fileEncoding = 4; lastKnownFileType = sourcecode.c.h; path = EditStapViewController.h; sourceTree = "<group>"; };
		040633F6192D6DA8003BF9F6 /* EditStapViewController.m */ = {isa = PBXFileReference; fileEncoding = 4; lastKnownFileType = sourcecode.c.objc; path = EditStapViewController.m; sourceTree = "<group>"; };
		04520A17192A66D30068993A /* ButtonClickListener.h */ = {isa = PBXFileReference; lastKnownFileType = sourcecode.c.h; path = ButtonClickListener.h; sourceTree = "<group>"; };
		04520A1D192A6C670068993A /* HomeViewController.h */ = {isa = PBXFileReference; fileEncoding = 4; lastKnownFileType = sourcecode.c.h; path = HomeViewController.h; sourceTree = "<group>"; };
		04520A1E192A6C670068993A /* HomeViewController.m */ = {isa = PBXFileReference; fileEncoding = 4; lastKnownFileType = sourcecode.c.objc; path = HomeViewController.m; sourceTree = "<group>"; };
		04E96B19192A0FE200EEDFCF /* ProjectMobile.app */ = {isa = PBXFileReference; explicitFileType = wrapper.application; includeInIndex = 0; path = ProjectMobile.app; sourceTree = BUILT_PRODUCTS_DIR; };
		04E96B1C192A0FE200EEDFCF /* Foundation.framework */ = {isa = PBXFileReference; lastKnownFileType = wrapper.framework; name = Foundation.framework; path = System/Library/Frameworks/Foundation.framework; sourceTree = SDKROOT; };
		04E96B1E192A0FE200EEDFCF /* CoreGraphics.framework */ = {isa = PBXFileReference; lastKnownFileType = wrapper.framework; name = CoreGraphics.framework; path = System/Library/Frameworks/CoreGraphics.framework; sourceTree = SDKROOT; };
		04E96B20192A0FE200EEDFCF /* UIKit.framework */ = {isa = PBXFileReference; lastKnownFileType = wrapper.framework; name = UIKit.framework; path = System/Library/Frameworks/UIKit.framework; sourceTree = SDKROOT; };
		04E96B22192A0FE200EEDFCF /* CoreData.framework */ = {isa = PBXFileReference; lastKnownFileType = wrapper.framework; name = CoreData.framework; path = System/Library/Frameworks/CoreData.framework; sourceTree = SDKROOT; };
		04E96B26192A0FE200EEDFCF /* ProjectMobile-Info.plist */ = {isa = PBXFileReference; lastKnownFileType = text.plist.xml; path = "ProjectMobile-Info.plist"; sourceTree = "<group>"; };
		04E96B28192A0FE200EEDFCF /* en */ = {isa = PBXFileReference; lastKnownFileType = text.plist.strings; name = en; path = en.lproj/InfoPlist.strings; sourceTree = "<group>"; };
		04E96B2A192A0FE200EEDFCF /* main.m */ = {isa = PBXFileReference; lastKnownFileType = sourcecode.c.objc; path = main.m; sourceTree = "<group>"; };
		04E96B2C192A0FE200EEDFCF /* ProjectMobile-Prefix.pch */ = {isa = PBXFileReference; lastKnownFileType = sourcecode.c.h; path = "ProjectMobile-Prefix.pch"; sourceTree = "<group>"; };
		04E96B2D192A0FE200EEDFCF /* AppDelegate.h */ = {isa = PBXFileReference; lastKnownFileType = sourcecode.c.h; path = AppDelegate.h; sourceTree = "<group>"; };
		04E96B2E192A0FE200EEDFCF /* AppDelegate.m */ = {isa = PBXFileReference; lastKnownFileType = sourcecode.c.objc; path = AppDelegate.m; sourceTree = "<group>"; };
		04E96B33192A0FE200EEDFCF /* Images.xcassets */ = {isa = PBXFileReference; lastKnownFileType = folder.assetcatalog; path = Images.xcassets; sourceTree = "<group>"; };
		04E96B39192A0FE200EEDFCF /* ProjectMobileTests.xctest */ = {isa = PBXFileReference; explicitFileType = wrapper.cfbundle; includeInIndex = 0; path = ProjectMobileTests.xctest; sourceTree = BUILT_PRODUCTS_DIR; };
		04E96B3A192A0FE200EEDFCF /* XCTest.framework */ = {isa = PBXFileReference; lastKnownFileType = wrapper.framework; name = XCTest.framework; path = Library/Frameworks/XCTest.framework; sourceTree = DEVELOPER_DIR; };
		04E96B43192A0FE200EEDFCF /* ProjectMobileTests-Info.plist */ = {isa = PBXFileReference; lastKnownFileType = text.plist.xml; path = "ProjectMobileTests-Info.plist"; sourceTree = "<group>"; };
		04E96B45192A0FE200EEDFCF /* en */ = {isa = PBXFileReference; lastKnownFileType = text.plist.strings; name = en; path = en.lproj/InfoPlist.strings; sourceTree = "<group>"; };
		04E96B47192A0FE200EEDFCF /* ProjectMobileTests.m */ = {isa = PBXFileReference; lastKnownFileType = sourcecode.c.objc; path = ProjectMobileTests.m; sourceTree = "<group>"; };
		04E96B52192A109D00EEDFCF /* Storyboard.storyboard */ = {isa = PBXFileReference; fileEncoding = 4; lastKnownFileType = file.storyboard; path = Storyboard.storyboard; sourceTree = "<group>"; };
		04E96B58192A2CBF00EEDFCF /* TabBarView.xib */ = {isa = PBXFileReference; fileEncoding = 4; lastKnownFileType = file.xib; path = TabBarView.xib; sourceTree = "<group>"; };
		04E96B70192A3A0A00EEDFCF /* TabBarView.h */ = {isa = PBXFileReference; fileEncoding = 4; lastKnownFileType = sourcecode.c.h; path = TabBarView.h; sourceTree = "<group>"; };
		04E96B71192A3A0A00EEDFCF /* TabBarView.m */ = {isa = PBXFileReference; fileEncoding = 4; lastKnownFileType = sourcecode.c.objc; path = TabBarView.m; sourceTree = "<group>"; };
		04E96B73192A3AEE00EEDFCF /* TabBarController.h */ = {isa = PBXFileReference; fileEncoding = 4; lastKnownFileType = sourcecode.c.h; path = TabBarController.h; sourceTree = "<group>"; };
		04E96B74192A3AEE00EEDFCF /* TabBarController.m */ = {isa = PBXFileReference; fileEncoding = 4; lastKnownFileType = sourcecode.c.objc; path = TabBarController.m; sourceTree = "<group>"; };
		388B3F2F192CDA05009FE4C9 /* HerinneringViewController.h */ = {isa = PBXFileReference; fileEncoding = 4; lastKnownFileType = sourcecode.c.h; path = HerinneringViewController.h; sourceTree = "<group>"; };
		388B3F30192CDA05009FE4C9 /* HerinneringViewController.m */ = {isa = PBXFileReference; fileEncoding = 4; lastKnownFileType = sourcecode.c.objc; path = HerinneringViewController.m; sourceTree = "<group>"; };
		388B3F32192CE1F0009FE4C9 /* HerinneringToevoegenViewController.h */ = {isa = PBXFileReference; fileEncoding = 4; lastKnownFileType = sourcecode.c.h; path = HerinneringToevoegenViewController.h; sourceTree = "<group>"; };
		388B3F33192CE1F0009FE4C9 /* HerinneringToevoegenViewController.m */ = {isa = PBXFileReference; fileEncoding = 4; lastKnownFileType = sourcecode.c.objc; path = HerinneringToevoegenViewController.m; sourceTree = "<group>"; };
		388B3F35192DEB3F009FE4C9 /* color1.jpg */ = {isa = PBXFileReference; lastKnownFileType = image.jpeg; path = color1.jpg; sourceTree = "<group>"; };
		388B3F36192DEB3F009FE4C9 /* color2.jpg */ = {isa = PBXFileReference; lastKnownFileType = image.jpeg; path = color2.jpg; sourceTree = "<group>"; };
		388B3F39192DEF60009FE4C9 /* white.jpg */ = {isa = PBXFileReference; lastKnownFileType = image.jpeg; path = white.jpg; sourceTree = "<group>"; };
		4C2380C9192BBA9D00A09211 /* Man.jpeg */ = {isa = PBXFileReference; lastKnownFileType = image.jpeg; path = Man.jpeg; sourceTree = "<group>"; };
		4C2380CA192BBA9D00A09211 /* Doctor.jpeg */ = {isa = PBXFileReference; lastKnownFileType = image.jpeg; path = Doctor.jpeg; sourceTree = "<group>"; };
		4C2380CB192BBA9D00A09211 /* Son.jpeg */ = {isa = PBXFileReference; lastKnownFileType = image.jpeg; path = Son.jpeg; sourceTree = "<group>"; };
		4C3C3F3E192B8B4F00A3650C /* PersoonCell.h */ = {isa = PBXFileReference; fileEncoding = 4; lastKnownFileType = sourcecode.c.h; path = PersoonCell.h; sourceTree = "<group>"; };
		4C3C3F3F192B8B4F00A3650C /* PersoonCell.m */ = {isa = PBXFileReference; fileEncoding = 4; lastKnownFileType = sourcecode.c.objc; path = PersoonCell.m; sourceTree = "<group>"; };
		4C8BD975192B886D003F00D9 /* PersonenViewController.h */ = {isa = PBXFileReference; fileEncoding = 4; lastKnownFileType = sourcecode.c.h; path = PersonenViewController.h; sourceTree = "<group>"; };
		4C8BD976192B886D003F00D9 /* PersonenViewController.m */ = {isa = PBXFileReference; fileEncoding = 4; lastKnownFileType = sourcecode.c.objc; path = PersonenViewController.m; sourceTree = "<group>"; };
		4CB2F61D192CC356007AE252 /* PersoonDetailViewController.h */ = {isa = PBXFileReference; fileEncoding = 4; lastKnownFileType = sourcecode.c.h; path = PersoonDetailViewController.h; sourceTree = "<group>"; };
		4CB2F61E192CC356007AE252 /* PersoonDetailViewController.m */ = {isa = PBXFileReference; fileEncoding = 4; lastKnownFileType = sourcecode.c.objc; path = PersoonDetailViewController.m; sourceTree = "<group>"; };
		665241D4192B48C700484AC1 /* LocationViewController.h */ = {isa = PBXFileReference; fileEncoding = 4; lastKnownFileType = sourcecode.c.h; path = LocationViewController.h; sourceTree = "<group>"; };
		665241D5192B48C700484AC1 /* LocationViewController.m */ = {isa = PBXFileReference; fileEncoding = 4; lastKnownFileType = sourcecode.c.objc; path = LocationViewController.m; sourceTree = "<group>"; };
		665241DB192B5E2500484AC1 /* CoreLocation.framework */ = {isa = PBXFileReference; lastKnownFileType = wrapper.framework; name = CoreLocation.framework; path = System/Library/Frameworks/CoreLocation.framework; sourceTree = SDKROOT; };
		665241DD192B5E2E00484AC1 /* MapKit.framework */ = {isa = PBXFileReference; lastKnownFileType = wrapper.framework; name = MapKit.framework; path = System/Library/Frameworks/MapKit.framework; sourceTree = SDKROOT; };
		668202CC192B9CA600875220 /* LocationToevoegenControllerViewController.h */ = {isa = PBXFileReference; fileEncoding = 4; lastKnownFileType = sourcecode.c.h; path = LocationToevoegenControllerViewController.h; sourceTree = "<group>"; };
		668202CD192B9CA600875220 /* LocationToevoegenControllerViewController.m */ = {isa = PBXFileReference; fileEncoding = 4; lastKnownFileType = sourcecode.c.objc; path = LocationToevoegenControllerViewController.m; sourceTree = "<group>"; };
		668202F6192C992700875220 /* Toilet.h */ = {isa = PBXFileReference; fileEncoding = 4; lastKnownFileType = sourcecode.c.h; path = Toilet.h; sourceTree = "<group>"; };
		668202F7192C992700875220 /* Toilet.m */ = {isa = PBXFileReference; fileEncoding = 4; lastKnownFileType = sourcecode.c.objc; path = Toilet.m; sourceTree = "<group>"; };
		668202FB192CA84C00875220 /* ToiletLocaties.h */ = {isa = PBXFileReference; fileEncoding = 4; lastKnownFileType = sourcecode.c.h; path = ToiletLocaties.h; sourceTree = "<group>"; };
		668202FC192CA84C00875220 /* ToiletLocaties.m */ = {isa = PBXFileReference; fileEncoding = 4; lastKnownFileType = sourcecode.c.objc; path = ToiletLocaties.m; sourceTree = "<group>"; };
		66820305192CCC8400875220 /* JSONModel+CoreData.h */ = {isa = PBXFileReference; fileEncoding = 4; lastKnownFileType = sourcecode.c.h; path = "JSONModel+CoreData.h"; sourceTree = "<group>"; };
		66820306192CCC8400875220 /* JSONModel+CoreData.m */ = {isa = PBXFileReference; fileEncoding = 4; lastKnownFileType = sourcecode.c.objc; path = "JSONModel+CoreData.m"; sourceTree = "<group>"; };
		66820307192CCC8400875220 /* JSONModel.h */ = {isa = PBXFileReference; fileEncoding = 4; lastKnownFileType = sourcecode.c.h; path = JSONModel.h; sourceTree = "<group>"; };
		66820308192CCC8400875220 /* JSONModel.m */ = {isa = PBXFileReference; fileEncoding = 4; lastKnownFileType = sourcecode.c.objc; path = JSONModel.m; sourceTree = "<group>"; };
		66820309192CCC8400875220 /* JSONModelArray.h */ = {isa = PBXFileReference; fileEncoding = 4; lastKnownFileType = sourcecode.c.h; path = JSONModelArray.h; sourceTree = "<group>"; };
		6682030A192CCC8400875220 /* JSONModelArray.m */ = {isa = PBXFileReference; fileEncoding = 4; lastKnownFileType = sourcecode.c.objc; path = JSONModelArray.m; sourceTree = "<group>"; };
		6682030B192CCC8400875220 /* JSONModelClassProperty.h */ = {isa = PBXFileReference; fileEncoding = 4; lastKnownFileType = sourcecode.c.h; path = JSONModelClassProperty.h; sourceTree = "<group>"; };
		6682030C192CCC8400875220 /* JSONModelClassProperty.m */ = {isa = PBXFileReference; fileEncoding = 4; lastKnownFileType = sourcecode.c.objc; path = JSONModelClassProperty.m; sourceTree = "<group>"; };
		6682030D192CCC8400875220 /* JSONModelError.h */ = {isa = PBXFileReference; fileEncoding = 4; lastKnownFileType = sourcecode.c.h; path = JSONModelError.h; sourceTree = "<group>"; };
		6682030E192CCC8400875220 /* JSONModelError.m */ = {isa = PBXFileReference; fileEncoding = 4; lastKnownFileType = sourcecode.c.objc; path = JSONModelError.m; sourceTree = "<group>"; };
		66820310192CCC8400875220 /* NSArray+JSONModel.h */ = {isa = PBXFileReference; fileEncoding = 4; lastKnownFileType = sourcecode.c.h; path = "NSArray+JSONModel.h"; sourceTree = "<group>"; };
		66820311192CCC8400875220 /* NSArray+JSONModel.m */ = {isa = PBXFileReference; fileEncoding = 4; lastKnownFileType = sourcecode.c.objc; path = "NSArray+JSONModel.m"; sourceTree = "<group>"; };
		66820312192CCC8400875220 /* JSONModelLib.h */ = {isa = PBXFileReference; fileEncoding = 4; lastKnownFileType = sourcecode.c.h; path = JSONModelLib.h; sourceTree = "<group>"; };
		66820314192CCC8400875220 /* JSONAPI.h */ = {isa = PBXFileReference; fileEncoding = 4; lastKnownFileType = sourcecode.c.h; path = JSONAPI.h; sourceTree = "<group>"; };
		66820315192CCC8400875220 /* JSONAPI.m */ = {isa = PBXFileReference; fileEncoding = 4; lastKnownFileType = sourcecode.c.objc; path = JSONAPI.m; sourceTree = "<group>"; };
		66820316192CCC8400875220 /* JSONHTTPClient.h */ = {isa = PBXFileReference; fileEncoding = 4; lastKnownFileType = sourcecode.c.h; path = JSONHTTPClient.h; sourceTree = "<group>"; };
		66820317192CCC8400875220 /* JSONHTTPClient.m */ = {isa = PBXFileReference; fileEncoding = 4; lastKnownFileType = sourcecode.c.objc; path = JSONHTTPClient.m; sourceTree = "<group>"; };
		66820318192CCC8400875220 /* JSONModel+networking.h */ = {isa = PBXFileReference; fileEncoding = 4; lastKnownFileType = sourcecode.c.h; path = "JSONModel+networking.h"; sourceTree = "<group>"; };
		66820319192CCC8400875220 /* JSONModel+networking.m */ = {isa = PBXFileReference; fileEncoding = 4; lastKnownFileType = sourcecode.c.objc; path = "JSONModel+networking.m"; sourceTree = "<group>"; };
		6682031B192CCC8400875220 /* JSONKeyMapper.h */ = {isa = PBXFileReference; fileEncoding = 4; lastKnownFileType = sourcecode.c.h; path = JSONKeyMapper.h; sourceTree = "<group>"; };
		6682031C192CCC8400875220 /* JSONKeyMapper.m */ = {isa = PBXFileReference; fileEncoding = 4; lastKnownFileType = sourcecode.c.objc; path = JSONKeyMapper.m; sourceTree = "<group>"; };
		6682031D192CCC8400875220 /* JSONValueTransformer.h */ = {isa = PBXFileReference; fileEncoding = 4; lastKnownFileType = sourcecode.c.h; path = JSONValueTransformer.h; sourceTree = "<group>"; };
		6682031E192CCC8400875220 /* JSONValueTransformer.m */ = {isa = PBXFileReference; fileEncoding = 4; lastKnownFileType = sourcecode.c.objc; path = JSONValueTransformer.m; sourceTree = "<group>"; };
		85507AF5192B77C200DD7D53 /* HulpViewController.h */ = {isa = PBXFileReference; fileEncoding = 4; lastKnownFileType = sourcecode.c.h; path = HulpViewController.h; sourceTree = "<group>"; };
		85507AF6192B77C200DD7D53 /* HulpViewController.m */ = {isa = PBXFileReference; fileEncoding = 4; lastKnownFileType = sourcecode.c.objc; path = HulpViewController.m; sourceTree = "<group>"; };
		858C4A2F192CAD2F00E4CE53 /* AidTableViewCell.h */ = {isa = PBXFileReference; fileEncoding = 4; lastKnownFileType = sourcecode.c.h; path = AidTableViewCell.h; sourceTree = "<group>"; };
		858C4A30192CAD2F00E4CE53 /* AidTableViewCell.m */ = {isa = PBXFileReference; fileEncoding = 4; lastKnownFileType = sourcecode.c.objc; path = AidTableViewCell.m; sourceTree = "<group>"; };
		858C4A32192CB21C00E4CE53 /* Personen.h */ = {isa = PBXFileReference; fileEncoding = 4; lastKnownFileType = sourcecode.c.h; path = Personen.h; sourceTree = "<group>"; };
		858C4A33192CB21C00E4CE53 /* Personen.m */ = {isa = PBXFileReference; fileEncoding = 4; lastKnownFileType = sourcecode.c.objc; path = Personen.m; sourceTree = "<group>"; };
/* End PBXFileReference section */

/* Begin PBXFrameworksBuildPhase section */
		04E96B16192A0FE200EEDFCF /* Frameworks */ = {
			isa = PBXFrameworksBuildPhase;
			buildActionMask = 2147483647;
			files = (
				04E96B23192A0FE200EEDFCF /* CoreData.framework in Frameworks */,
				665241DE192B5E2E00484AC1 /* MapKit.framework in Frameworks */,
				665241DC192B5E2500484AC1 /* CoreLocation.framework in Frameworks */,
				04E96B1F192A0FE200EEDFCF /* CoreGraphics.framework in Frameworks */,
				04E96B21192A0FE200EEDFCF /* UIKit.framework in Frameworks */,
				04E96B1D192A0FE200EEDFCF /* Foundation.framework in Frameworks */,
			);
			runOnlyForDeploymentPostprocessing = 0;
		};
		04E96B36192A0FE200EEDFCF /* Frameworks */ = {
			isa = PBXFrameworksBuildPhase;
			buildActionMask = 2147483647;
			files = (
				04E96B3B192A0FE200EEDFCF /* XCTest.framework in Frameworks */,
				04E96B3E192A0FE200EEDFCF /* CoreData.framework in Frameworks */,
				04E96B3D192A0FE200EEDFCF /* UIKit.framework in Frameworks */,
				04E96B3C192A0FE200EEDFCF /* Foundation.framework in Frameworks */,
			);
			runOnlyForDeploymentPostprocessing = 0;
		};
/* End PBXFrameworksBuildPhase section */

/* Begin PBXGroup section */
		04063390192B8BF6003BF9F6 /* Databank */ = {
			isa = PBXGroup;
			children = (
				04063391192B90DB003BF9F6 /* ProjectMobile.xcdatamodeld */,
				858C4A32192CB21C00E4CE53 /* Personen.h */,
				858C4A33192CB21C00E4CE53 /* Personen.m */,
				0406339D192B9B34003BF9F6 /* Stappenplan.h */,
				0406339E192B9B34003BF9F6 /* Stappenplan.m */,
				0406339A192B9B33003BF9F6 /* Stap.h */,
				0406339B192B9B33003BF9F6 /* Stap.m */,
			);
			name = Databank;
			sourceTree = "<group>";
		};
		040633A3192BDCC7003BF9F6 /* Util */ = {
			isa = PBXGroup;
			children = (
				66820303192CCC8400875220 /* JSONModel */,
				040633A4192BDD41003BF9F6 /* IManagedContextObjectContainer.h */,
			);
			name = Util;
			sourceTree = "<group>";
		};
		04520A18192A6BD00068993A /* Home */ = {
			isa = PBXGroup;
			children = (
				04520A1D192A6C670068993A /* HomeViewController.h */,
				04520A1E192A6C670068993A /* HomeViewController.m */,
			);
			name = Home;
			sourceTree = "<group>";
		};
		04520A19192A6BDA0068993A /* Calendar */ = {
			isa = PBXGroup;
			children = (
				0406338D192B6798003BF9F6 /* EventViewController.h */,
				0406338E192B6798003BF9F6 /* EventViewController.m */,
			);
			name = Calendar;
			sourceTree = "<group>";
		};
		04520A1A192A6BE00068993A /* Memory */ = {
			isa = PBXGroup;
			children = (
				04CED281192AA994002C32BB /* Personen */,
				04CED280192AA98C002C32BB /* Stappenplan */,
				040633A5192BDDC5003BF9F6 /* MemoryMenuViewController.h */,
				040633A6192BDDC5003BF9F6 /* MemoryMenuViewController.m */,
				04CED282192AA99C002C32BB /* Herinneringen */,
			);
			name = Memory;
			sourceTree = "<group>";
		};
		04520A1B192A6BF30068993A /* Aid */ = {
			isa = PBXGroup;
			children = (
				85507AF5192B77C200DD7D53 /* HulpViewController.h */,
				85507AF6192B77C200DD7D53 /* HulpViewController.m */,
				858C4A2F192CAD2F00E4CE53 /* AidTableViewCell.h */,
				858C4A30192CAD2F00E4CE53 /* AidTableViewCell.m */,
			);
			name = Aid;
			sourceTree = "<group>";
		};
		04520A1C192A6C060068993A /* Locations */ = {
			isa = PBXGroup;
			children = (
				665241D4192B48C700484AC1 /* LocationViewController.h */,
				665241D5192B48C700484AC1 /* LocationViewController.m */,
				668202F6192C992700875220 /* Toilet.h */,
				668202F7192C992700875220 /* Toilet.m */,
				668202CC192B9CA600875220 /* LocationToevoegenControllerViewController.h */,
				668202CD192B9CA600875220 /* LocationToevoegenControllerViewController.m */,
				668202FB192CA84C00875220 /* ToiletLocaties.h */,
				668202FC192CA84C00875220 /* ToiletLocaties.m */,
			);
			name = Locations;
			sourceTree = "<group>";
		};
		04CED280192AA98C002C32BB /* Stappenplan */ = {
			isa = PBXGroup;
			children = (
				040633A0192B9BFF003BF9F6 /* StappenPlanViewController.h */,
				040633A1192B9BFF003BF9F6 /* StappenPlanViewController.m */,
				040633E9192C8EE2003BF9F6 /* StapTableViewCell.h */,
				040633EA192C8EE2003BF9F6 /* StapTableViewCell.m */,
				040633EC192CDE2D003BF9F6 /* StappenplanDetailViewController.h */,
				040633ED192CDE2D003BF9F6 /* StappenplanDetailViewController.m */,
				040633EF192D370D003BF9F6 /* EditStapTableViewCell.h */,
				040633F0192D370D003BF9F6 /* EditStapTableViewCell.m */,
				040633F2192D371F003BF9F6 /* AddStapTableViewCell.h */,
				040633F3192D371F003BF9F6 /* AddStapTableViewCell.m */,
				040633F5192D6DA8003BF9F6 /* EditStapViewController.h */,
				040633F6192D6DA8003BF9F6 /* EditStapViewController.m */,
			);
			name = Stappenplan;
			sourceTree = "<group>";
		};
		04CED281192AA994002C32BB /* Personen */ = {
			isa = PBXGroup;
			children = (
				4C2380C9192BBA9D00A09211 /* Man.jpeg */,
				4C2380CA192BBA9D00A09211 /* Doctor.jpeg */,
				4C2380CB192BBA9D00A09211 /* Son.jpeg */,
				4C8BD975192B886D003F00D9 /* PersonenViewController.h */,
				4C8BD976192B886D003F00D9 /* PersonenViewController.m */,
				4C3C3F3E192B8B4F00A3650C /* PersoonCell.h */,
				4C3C3F3F192B8B4F00A3650C /* PersoonCell.m */,
				4CB2F61D192CC356007AE252 /* PersoonDetailViewController.h */,
				4CB2F61E192CC356007AE252 /* PersoonDetailViewController.m */,
			);
			name = Personen;
			sourceTree = "<group>";
		};
		04CED282192AA99C002C32BB /* Herinneringen */ = {
			isa = PBXGroup;
			children = (
				388B3F2F192CDA05009FE4C9 /* HerinneringViewController.h */,
				388B3F30192CDA05009FE4C9 /* HerinneringViewController.m */,
				388B3F32192CE1F0009FE4C9 /* HerinneringToevoegenViewController.h */,
				388B3F33192CE1F0009FE4C9 /* HerinneringToevoegenViewController.m */,
				388B3F39192DEF60009FE4C9 /* white.jpg */,
				388B3F35192DEB3F009FE4C9 /* color1.jpg */,
				388B3F36192DEB3F009FE4C9 /* color2.jpg */,
			);
			name = Herinneringen;
			sourceTree = "<group>";
		};
		04E96B10192A0FE200EEDFCF = {
			isa = PBXGroup;
			children = (
				04E96B24192A0FE200EEDFCF /* ProjectMobile */,
				04E96B41192A0FE200EEDFCF /* ProjectMobileTests */,
				04E96B1B192A0FE200EEDFCF /* Frameworks */,
				04E96B1A192A0FE200EEDFCF /* Products */,
			);
			sourceTree = "<group>";
		};
		04E96B1A192A0FE200EEDFCF /* Products */ = {
			isa = PBXGroup;
			children = (
				04E96B19192A0FE200EEDFCF /* ProjectMobile.app */,
				04E96B39192A0FE200EEDFCF /* ProjectMobileTests.xctest */,
			);
			name = Products;
			sourceTree = "<group>";
		};
		04E96B1B192A0FE200EEDFCF /* Frameworks */ = {
			isa = PBXGroup;
			children = (
				665241DD192B5E2E00484AC1 /* MapKit.framework */,
				665241DB192B5E2500484AC1 /* CoreLocation.framework */,
				04E96B1C192A0FE200EEDFCF /* Foundation.framework */,
				04E96B1E192A0FE200EEDFCF /* CoreGraphics.framework */,
				04E96B20192A0FE200EEDFCF /* UIKit.framework */,
				04E96B22192A0FE200EEDFCF /* CoreData.framework */,
				04E96B3A192A0FE200EEDFCF /* XCTest.framework */,
			);
			name = Frameworks;
			sourceTree = "<group>";
		};
		04E96B24192A0FE200EEDFCF /* ProjectMobile */ = {
			isa = PBXGroup;
			children = (
				040633A3192BDCC7003BF9F6 /* Util */,
				04063390192B8BF6003BF9F6 /* Databank */,
				04520A1C192A6C060068993A /* Locations */,
				04520A1B192A6BF30068993A /* Aid */,
				04520A1A192A6BE00068993A /* Memory */,
				04520A19192A6BDA0068993A /* Calendar */,
				04520A18192A6BD00068993A /* Home */,
				04E96B54192A126B00EEDFCF /* TabBar */,
				04E96B51192A107B00EEDFCF /* StoryBoard */,
				04E96B2D192A0FE200EEDFCF /* AppDelegate.h */,
				04E96B2E192A0FE200EEDFCF /* AppDelegate.m */,
				04E96B33192A0FE200EEDFCF /* Images.xcassets */,
				04E96B25192A0FE200EEDFCF /* Supporting Files */,
			);
			path = ProjectMobile;
			sourceTree = "<group>";
		};
		04E96B25192A0FE200EEDFCF /* Supporting Files */ = {
			isa = PBXGroup;
			children = (
				04E96B26192A0FE200EEDFCF /* ProjectMobile-Info.plist */,
				04E96B27192A0FE200EEDFCF /* InfoPlist.strings */,
				04E96B2A192A0FE200EEDFCF /* main.m */,
				04E96B2C192A0FE200EEDFCF /* ProjectMobile-Prefix.pch */,
			);
			name = "Supporting Files";
			sourceTree = "<group>";
		};
		04E96B41192A0FE200EEDFCF /* ProjectMobileTests */ = {
			isa = PBXGroup;
			children = (
				04E96B47192A0FE200EEDFCF /* ProjectMobileTests.m */,
				04E96B42192A0FE200EEDFCF /* Supporting Files */,
			);
			path = ProjectMobileTests;
			sourceTree = "<group>";
		};
		04E96B42192A0FE200EEDFCF /* Supporting Files */ = {
			isa = PBXGroup;
			children = (
				04E96B43192A0FE200EEDFCF /* ProjectMobileTests-Info.plist */,
				04E96B44192A0FE200EEDFCF /* InfoPlist.strings */,
			);
			name = "Supporting Files";
			sourceTree = "<group>";
		};
		04E96B51192A107B00EEDFCF /* StoryBoard */ = {
			isa = PBXGroup;
			children = (
				04E96B52192A109D00EEDFCF /* Storyboard.storyboard */,
			);
			name = StoryBoard;
			sourceTree = "<group>";
		};
		04E96B54192A126B00EEDFCF /* TabBar */ = {
			isa = PBXGroup;
			children = (
				04E96B58192A2CBF00EEDFCF /* TabBarView.xib */,
				04E96B70192A3A0A00EEDFCF /* TabBarView.h */,
				04E96B71192A3A0A00EEDFCF /* TabBarView.m */,
				04E96B73192A3AEE00EEDFCF /* TabBarController.h */,
				04E96B74192A3AEE00EEDFCF /* TabBarController.m */,
				04520A17192A66D30068993A /* ButtonClickListener.h */,
			);
			name = TabBar;
			sourceTree = "<group>";
		};
		66820303192CCC8400875220 /* JSONModel */ = {
			isa = PBXGroup;
			children = (
				66820304192CCC8400875220 /* JSONModel */,
				6682030F192CCC8400875220 /* JSONModelCategories */,
				66820312192CCC8400875220 /* JSONModelLib.h */,
				66820313192CCC8400875220 /* JSONModelNetworking */,
				6682031A192CCC8400875220 /* JSONModelTransformations */,
			);
			path = JSONModel;
			sourceTree = "<group>";
		};
		66820304192CCC8400875220 /* JSONModel */ = {
			isa = PBXGroup;
			children = (
				66820305192CCC8400875220 /* JSONModel+CoreData.h */,
				66820306192CCC8400875220 /* JSONModel+CoreData.m */,
				66820307192CCC8400875220 /* JSONModel.h */,
				66820308192CCC8400875220 /* JSONModel.m */,
				66820309192CCC8400875220 /* JSONModelArray.h */,
				6682030A192CCC8400875220 /* JSONModelArray.m */,
				6682030B192CCC8400875220 /* JSONModelClassProperty.h */,
				6682030C192CCC8400875220 /* JSONModelClassProperty.m */,
				6682030D192CCC8400875220 /* JSONModelError.h */,
				6682030E192CCC8400875220 /* JSONModelError.m */,
			);
			path = JSONModel;
			sourceTree = "<group>";
		};
		6682030F192CCC8400875220 /* JSONModelCategories */ = {
			isa = PBXGroup;
			children = (
				66820310192CCC8400875220 /* NSArray+JSONModel.h */,
				66820311192CCC8400875220 /* NSArray+JSONModel.m */,
			);
			path = JSONModelCategories;
			sourceTree = "<group>";
		};
		66820313192CCC8400875220 /* JSONModelNetworking */ = {
			isa = PBXGroup;
			children = (
				66820314192CCC8400875220 /* JSONAPI.h */,
				66820315192CCC8400875220 /* JSONAPI.m */,
				66820316192CCC8400875220 /* JSONHTTPClient.h */,
				66820317192CCC8400875220 /* JSONHTTPClient.m */,
				66820318192CCC8400875220 /* JSONModel+networking.h */,
				66820319192CCC8400875220 /* JSONModel+networking.m */,
			);
			path = JSONModelNetworking;
			sourceTree = "<group>";
		};
		6682031A192CCC8400875220 /* JSONModelTransformations */ = {
			isa = PBXGroup;
			children = (
				6682031B192CCC8400875220 /* JSONKeyMapper.h */,
				6682031C192CCC8400875220 /* JSONKeyMapper.m */,
				6682031D192CCC8400875220 /* JSONValueTransformer.h */,
				6682031E192CCC8400875220 /* JSONValueTransformer.m */,
			);
			path = JSONModelTransformations;
			sourceTree = "<group>";
		};
/* End PBXGroup section */

/* Begin PBXNativeTarget section */
		04E96B18192A0FE200EEDFCF /* ProjectMobile */ = {
			isa = PBXNativeTarget;
			buildConfigurationList = 04E96B4B192A0FE200EEDFCF /* Build configuration list for PBXNativeTarget "ProjectMobile" */;
			buildPhases = (
				04E96B15192A0FE200EEDFCF /* Sources */,
				04E96B16192A0FE200EEDFCF /* Frameworks */,
				04E96B17192A0FE200EEDFCF /* Resources */,
			);
			buildRules = (
			);
			dependencies = (
			);
			name = ProjectMobile;
			productName = ProjectMobile;
			productReference = 04E96B19192A0FE200EEDFCF /* ProjectMobile.app */;
			productType = "com.apple.product-type.application";
		};
		04E96B38192A0FE200EEDFCF /* ProjectMobileTests */ = {
			isa = PBXNativeTarget;
			buildConfigurationList = 04E96B4E192A0FE200EEDFCF /* Build configuration list for PBXNativeTarget "ProjectMobileTests" */;
			buildPhases = (
				04E96B35192A0FE200EEDFCF /* Sources */,
				04E96B36192A0FE200EEDFCF /* Frameworks */,
				04E96B37192A0FE200EEDFCF /* Resources */,
			);
			buildRules = (
			);
			dependencies = (
				04E96B40192A0FE200EEDFCF /* PBXTargetDependency */,
			);
			name = ProjectMobileTests;
			productName = ProjectMobileTests;
			productReference = 04E96B39192A0FE200EEDFCF /* ProjectMobileTests.xctest */;
			productType = "com.apple.product-type.bundle.unit-test";
		};
/* End PBXNativeTarget section */

/* Begin PBXProject section */
		04E96B11192A0FE200EEDFCF /* Project object */ = {
			isa = PBXProject;
			attributes = {
				LastUpgradeCheck = 0510;
				ORGANIZATIONNAME = johan;
				TargetAttributes = {
					04E96B38192A0FE200EEDFCF = {
						TestTargetID = 04E96B18192A0FE200EEDFCF;
					};
				};
			};
			buildConfigurationList = 04E96B14192A0FE200EEDFCF /* Build configuration list for PBXProject "ProjectMobile" */;
			compatibilityVersion = "Xcode 3.2";
			developmentRegion = English;
			hasScannedForEncodings = 0;
			knownRegions = (
				en,
			);
			mainGroup = 04E96B10192A0FE200EEDFCF;
			productRefGroup = 04E96B1A192A0FE200EEDFCF /* Products */;
			projectDirPath = "";
			projectRoot = "";
			targets = (
				04E96B18192A0FE200EEDFCF /* ProjectMobile */,
				04E96B38192A0FE200EEDFCF /* ProjectMobileTests */,
			);
		};
/* End PBXProject section */

/* Begin PBXResourcesBuildPhase section */
		04E96B17192A0FE200EEDFCF /* Resources */ = {
			isa = PBXResourcesBuildPhase;
			buildActionMask = 2147483647;
			files = (
				04E96B29192A0FE200EEDFCF /* InfoPlist.strings in Resources */,
				388B3F37192DEB3F009FE4C9 /* color1.jpg in Resources */,
				4C2380CD192BBA9D00A09211 /* Doctor.jpeg in Resources */,
				4C2380CE192BBA9D00A09211 /* Son.jpeg in Resources */,
				4C2380CC192BBA9D00A09211 /* Man.jpeg in Resources */,
				388B3F3A192DEF60009FE4C9 /* white.jpg in Resources */,
				04E96B34192A0FE200EEDFCF /* Images.xcassets in Resources */,
				04E96B59192A2CBF00EEDFCF /* TabBarView.xib in Resources */,
				388B3F38192DEB3F009FE4C9 /* color2.jpg in Resources */,
				04E96B53192A109D00EEDFCF /* Storyboard.storyboard in Resources */,
			);
			runOnlyForDeploymentPostprocessing = 0;
		};
		04E96B37192A0FE200EEDFCF /* Resources */ = {
			isa = PBXResourcesBuildPhase;
			buildActionMask = 2147483647;
			files = (
				04E96B46192A0FE200EEDFCF /* InfoPlist.strings in Resources */,
			);
			runOnlyForDeploymentPostprocessing = 0;
		};
/* End PBXResourcesBuildPhase section */

/* Begin PBXSourcesBuildPhase section */
		04E96B15192A0FE200EEDFCF /* Sources */ = {
			isa = PBXSourcesBuildPhase;
			buildActionMask = 2147483647;
			files = (
				858C4A31192CAD2F00E4CE53 /* AidTableViewCell.m in Sources */,
				4CB2F61F192CC356007AE252 /* PersoonDetailViewController.m in Sources */,
				66820326192CCC8400875220 /* JSONHTTPClient.m in Sources */,
				04E96B2F192A0FE200EEDFCF /* AppDelegate.m in Sources */,
				66820327192CCC8400875220 /* JSONModel+networking.m in Sources */,
				0406338F192B6798003BF9F6 /* EventViewController.m in Sources */,
				668202FD192CA84C00875220 /* ToiletLocaties.m in Sources */,
				04E96B2B192A0FE200EEDFCF /* main.m in Sources */,
				4C8BD977192B886D003F00D9 /* PersonenViewController.m in Sources */,
				66820321192CCC8400875220 /* JSONModelArray.m in Sources */,
				66820324192CCC8400875220 /* NSArray+JSONModel.m in Sources */,
				665241D6192B48C700484AC1 /* LocationViewController.m in Sources */,
				668202F8192C992700875220 /* Toilet.m in Sources */,
				66820320192CCC8400875220 /* JSONModel.m in Sources */,
				04E96B75192A3AEE00EEDFCF /* TabBarController.m in Sources */,
				668202CE192B9CA600875220 /* LocationToevoegenControllerViewController.m in Sources */,
				388B3F31192CDA05009FE4C9 /* HerinneringViewController.m in Sources */,
				04E96B72192A3A0A00EEDFCF /* TabBarView.m in Sources */,
				4C3C3F40192B8B4F00A3650C /* PersoonCell.m in Sources */,
				66820323192CCC8400875220 /* JSONModelError.m in Sources */,
				040633F4192D371F003BF9F6 /* AddStapTableViewCell.m in Sources */,
				6682031F192CCC8400875220 /* JSONModel+CoreData.m in Sources */,
				040633F7192D6DA8003BF9F6 /* EditStapViewController.m in Sources */,
				388B3F34192CE1F0009FE4C9 /* HerinneringToevoegenViewController.m in Sources */,
				0406339C192B9B33003BF9F6 /* Stap.m in Sources */,
				040633EB192C8EE2003BF9F6 /* StapTableViewCell.m in Sources */,
				040633A2192B9BFF003BF9F6 /* StappenPlanViewController.m in Sources */,
				040633F1192D370D003BF9F6 /* EditStapTableViewCell.m in Sources */,
				66820322192CCC8400875220 /* JSONModelClassProperty.m in Sources */,
				66820325192CCC8400875220 /* JSONAPI.m in Sources */,
				66820329192CCC8400875220 /* JSONValueTransformer.m in Sources */,
				04520A1F192A6C670068993A /* HomeViewController.m in Sources */,
				66820328192CCC8400875220 /* JSONKeyMapper.m in Sources */,
				0406339F192B9B34003BF9F6 /* Stappenplan.m in Sources */,
				858C4A34192CB21C00E4CE53 /* Personen.m in Sources */,
				040633A7192BDDC5003BF9F6 /* MemoryMenuViewController.m in Sources */,
				040633EE192CDE2D003BF9F6 /* StappenplanDetailViewController.m in Sources */,
				04063393192B90DB003BF9F6 /* ProjectMobile.xcdatamodeld in Sources */,
				85507AF7192B77C200DD7D53 /* HulpViewController.m in Sources */,
			);
			runOnlyForDeploymentPostprocessing = 0;
		};
		04E96B35192A0FE200EEDFCF /* Sources */ = {
			isa = PBXSourcesBuildPhase;
			buildActionMask = 2147483647;
			files = (
				04E96B48192A0FE200EEDFCF /* ProjectMobileTests.m in Sources */,
			);
			runOnlyForDeploymentPostprocessing = 0;
		};
/* End PBXSourcesBuildPhase section */

/* Begin PBXTargetDependency section */
		04E96B40192A0FE200EEDFCF /* PBXTargetDependency */ = {
			isa = PBXTargetDependency;
			target = 04E96B18192A0FE200EEDFCF /* ProjectMobile */;
			targetProxy = 04E96B3F192A0FE200EEDFCF /* PBXContainerItemProxy */;
		};
/* End PBXTargetDependency section */

/* Begin PBXVariantGroup section */
		04E96B27192A0FE200EEDFCF /* InfoPlist.strings */ = {
			isa = PBXVariantGroup;
			children = (
				04E96B28192A0FE200EEDFCF /* en */,
			);
			name = InfoPlist.strings;
			sourceTree = "<group>";
		};
		04E96B44192A0FE200EEDFCF /* InfoPlist.strings */ = {
			isa = PBXVariantGroup;
			children = (
				04E96B45192A0FE200EEDFCF /* en */,
			);
			name = InfoPlist.strings;
			sourceTree = "<group>";
		};
/* End PBXVariantGroup section */

/* Begin XCBuildConfiguration section */
		04E96B49192A0FE200EEDFCF /* Debug */ = {
			isa = XCBuildConfiguration;
			buildSettings = {
				ALWAYS_SEARCH_USER_PATHS = NO;
				CLANG_CXX_LANGUAGE_STANDARD = "gnu++0x";
				CLANG_CXX_LIBRARY = "libc++";
				CLANG_ENABLE_MODULES = YES;
				CLANG_ENABLE_OBJC_ARC = YES;
				CLANG_WARN_BOOL_CONVERSION = YES;
				CLANG_WARN_CONSTANT_CONVERSION = YES;
				CLANG_WARN_DIRECT_OBJC_ISA_USAGE = YES_ERROR;
				CLANG_WARN_EMPTY_BODY = YES;
				CLANG_WARN_ENUM_CONVERSION = YES;
				CLANG_WARN_INT_CONVERSION = YES;
				CLANG_WARN_OBJC_ROOT_CLASS = YES_ERROR;
				CLANG_WARN__DUPLICATE_METHOD_MATCH = YES;
				"CODE_SIGN_IDENTITY[sdk=iphoneos*]" = "iPhone Developer";
				COPY_PHASE_STRIP = NO;
				GCC_C_LANGUAGE_STANDARD = gnu99;
				GCC_DYNAMIC_NO_PIC = NO;
				GCC_OPTIMIZATION_LEVEL = 0;
				GCC_PREPROCESSOR_DEFINITIONS = (
					"DEBUG=1",
					"$(inherited)",
				);
				GCC_SYMBOLS_PRIVATE_EXTERN = NO;
				GCC_WARN_64_TO_32_BIT_CONVERSION = YES;
				GCC_WARN_ABOUT_RETURN_TYPE = YES_ERROR;
				GCC_WARN_UNDECLARED_SELECTOR = YES;
				GCC_WARN_UNINITIALIZED_AUTOS = YES_AGGRESSIVE;
				GCC_WARN_UNUSED_FUNCTION = YES;
				GCC_WARN_UNUSED_VARIABLE = YES;
				IPHONEOS_DEPLOYMENT_TARGET = 7.1;
				ONLY_ACTIVE_ARCH = YES;
				SDKROOT = iphoneos;
			};
			name = Debug;
		};
		04E96B4A192A0FE200EEDFCF /* Release */ = {
			isa = XCBuildConfiguration;
			buildSettings = {
				ALWAYS_SEARCH_USER_PATHS = NO;
				CLANG_CXX_LANGUAGE_STANDARD = "gnu++0x";
				CLANG_CXX_LIBRARY = "libc++";
				CLANG_ENABLE_MODULES = YES;
				CLANG_ENABLE_OBJC_ARC = YES;
				CLANG_WARN_BOOL_CONVERSION = YES;
				CLANG_WARN_CONSTANT_CONVERSION = YES;
				CLANG_WARN_DIRECT_OBJC_ISA_USAGE = YES_ERROR;
				CLANG_WARN_EMPTY_BODY = YES;
				CLANG_WARN_ENUM_CONVERSION = YES;
				CLANG_WARN_INT_CONVERSION = YES;
				CLANG_WARN_OBJC_ROOT_CLASS = YES_ERROR;
				CLANG_WARN__DUPLICATE_METHOD_MATCH = YES;
				"CODE_SIGN_IDENTITY[sdk=iphoneos*]" = "iPhone Developer";
				COPY_PHASE_STRIP = YES;
				ENABLE_NS_ASSERTIONS = NO;
				GCC_C_LANGUAGE_STANDARD = gnu99;
				GCC_WARN_64_TO_32_BIT_CONVERSION = YES;
				GCC_WARN_ABOUT_RETURN_TYPE = YES_ERROR;
				GCC_WARN_UNDECLARED_SELECTOR = YES;
				GCC_WARN_UNINITIALIZED_AUTOS = YES_AGGRESSIVE;
				GCC_WARN_UNUSED_FUNCTION = YES;
				GCC_WARN_UNUSED_VARIABLE = YES;
				IPHONEOS_DEPLOYMENT_TARGET = 7.1;
				SDKROOT = iphoneos;
				VALIDATE_PRODUCT = YES;
			};
			name = Release;
		};
		04E96B4C192A0FE200EEDFCF /* Debug */ = {
			isa = XCBuildConfiguration;
			buildSettings = {
				ASSETCATALOG_COMPILER_APPICON_NAME = AppIcon;
				ASSETCATALOG_COMPILER_LAUNCHIMAGE_NAME = LaunchImage;
				GCC_PRECOMPILE_PREFIX_HEADER = YES;
				GCC_PREFIX_HEADER = "ProjectMobile/ProjectMobile-Prefix.pch";
				INFOPLIST_FILE = "ProjectMobile/ProjectMobile-Info.plist";
				PRODUCT_NAME = "$(TARGET_NAME)";
				WRAPPER_EXTENSION = app;
			};
			name = Debug;
		};
		04E96B4D192A0FE200EEDFCF /* Release */ = {
			isa = XCBuildConfiguration;
			buildSettings = {
				ASSETCATALOG_COMPILER_APPICON_NAME = AppIcon;
				ASSETCATALOG_COMPILER_LAUNCHIMAGE_NAME = LaunchImage;
				GCC_PRECOMPILE_PREFIX_HEADER = YES;
				GCC_PREFIX_HEADER = "ProjectMobile/ProjectMobile-Prefix.pch";
				INFOPLIST_FILE = "ProjectMobile/ProjectMobile-Info.plist";
				PRODUCT_NAME = "$(TARGET_NAME)";
				WRAPPER_EXTENSION = app;
			};
			name = Release;
		};
		04E96B4F192A0FE200EEDFCF /* Debug */ = {
			isa = XCBuildConfiguration;
			buildSettings = {
				BUNDLE_LOADER = "$(BUILT_PRODUCTS_DIR)/ProjectMobile.app/ProjectMobile";
				FRAMEWORK_SEARCH_PATHS = (
					"$(SDKROOT)/Developer/Library/Frameworks",
					"$(inherited)",
					"$(DEVELOPER_FRAMEWORKS_DIR)",
				);
				GCC_PRECOMPILE_PREFIX_HEADER = YES;
				GCC_PREFIX_HEADER = "ProjectMobile/ProjectMobile-Prefix.pch";
				GCC_PREPROCESSOR_DEFINITIONS = (
					"DEBUG=1",
					"$(inherited)",
				);
				INFOPLIST_FILE = "ProjectMobileTests/ProjectMobileTests-Info.plist";
				PRODUCT_NAME = "$(TARGET_NAME)";
				TEST_HOST = "$(BUNDLE_LOADER)";
				WRAPPER_EXTENSION = xctest;
			};
			name = Debug;
		};
		04E96B50192A0FE200EEDFCF /* Release */ = {
			isa = XCBuildConfiguration;
			buildSettings = {
				BUNDLE_LOADER = "$(BUILT_PRODUCTS_DIR)/ProjectMobile.app/ProjectMobile";
				FRAMEWORK_SEARCH_PATHS = (
					"$(SDKROOT)/Developer/Library/Frameworks",
					"$(inherited)",
					"$(DEVELOPER_FRAMEWORKS_DIR)",
				);
				GCC_PRECOMPILE_PREFIX_HEADER = YES;
				GCC_PREFIX_HEADER = "ProjectMobile/ProjectMobile-Prefix.pch";
				INFOPLIST_FILE = "ProjectMobileTests/ProjectMobileTests-Info.plist";
				PRODUCT_NAME = "$(TARGET_NAME)";
				TEST_HOST = "$(BUNDLE_LOADER)";
				WRAPPER_EXTENSION = xctest;
			};
			name = Release;
		};
/* End XCBuildConfiguration section */

/* Begin XCConfigurationList section */
		04E96B14192A0FE200EEDFCF /* Build configuration list for PBXProject "ProjectMobile" */ = {
			isa = XCConfigurationList;
			buildConfigurations = (
				04E96B49192A0FE200EEDFCF /* Debug */,
				04E96B4A192A0FE200EEDFCF /* Release */,
			);
			defaultConfigurationIsVisible = 0;
			defaultConfigurationName = Release;
		};
		04E96B4B192A0FE200EEDFCF /* Build configuration list for PBXNativeTarget "ProjectMobile" */ = {
			isa = XCConfigurationList;
			buildConfigurations = (
				04E96B4C192A0FE200EEDFCF /* Debug */,
				04E96B4D192A0FE200EEDFCF /* Release */,
			);
			defaultConfigurationIsVisible = 0;
			defaultConfigurationName = Release;
		};
		04E96B4E192A0FE200EEDFCF /* Build configuration list for PBXNativeTarget "ProjectMobileTests" */ = {
			isa = XCConfigurationList;
			buildConfigurations = (
				04E96B4F192A0FE200EEDFCF /* Debug */,
				04E96B50192A0FE200EEDFCF /* Release */,
			);
			defaultConfigurationIsVisible = 0;
			defaultConfigurationName = Release;
		};
/* End XCConfigurationList section */

/* Begin XCVersionGroup section */
		04063391192B90DB003BF9F6 /* ProjectMobile.xcdatamodeld */ = {
			isa = XCVersionGroup;
			children = (
				04063392192B90DB003BF9F6 /* ProjectMobile.xcdatamodel */,
			);
			currentVersion = 04063392192B90DB003BF9F6 /* ProjectMobile.xcdatamodel */;
			path = ProjectMobile.xcdatamodeld;
			sourceTree = "<group>";
			versionGroupType = wrapper.xcdatamodel;
		};
/* End XCVersionGroup section */
	};
	rootObject = 04E96B11192A0FE200EEDFCF /* Project object */;
}
